
Microsoft Visual Studio Solution File, Format Version 12.00
# Visual Studio Version 17
VisualStudioVersion = 17.4.33213.308
MinimumVisualStudioVersion = 10.0.40219.1
Project("{9A19103F-16F7-4668-BE54-9A1E7A4F7556}") = "QuizAPI", "QuizAPI.csproj", "{235E047B-B729-4755-AC50-5731560A32EC}"
EndProject
Global
	GlobalSection(SolutionConfigurationPlatforms) = preSolution
		Debug|Any CPU = Debug|Any CPU
		Release|Any CPU = Release|Any CPU
	EndGlobalSection
	GlobalSection(ProjectConfigurationPlatforms) = postSolution
		{235E047B-B729-4755-AC50-5731560A32EC}.Debug|Any CPU.ActiveCfg = Debug|Any CPU
		{235E047B-B729-4755-AC50-5731560A32EC}.Debug|Any CPU.Build.0 = Debug|Any CPU
		{235E047B-B729-4755-AC50-5731560A32EC}.Release|Any CPU.ActiveCfg = Release|Any CPU
		{235E047B-B729-4755-AC50-5731560A32EC}.Release|Any CPU.Build.0 = Release|Any CPU
	EndGlobalSection
	GlobalSection(SolutionProperties) = preSolution
		HideSolutionNode = FALSE
	EndGlobalSection
	GlobalSection(ExtensibilityGlobals) = postSolution
		SolutionGuid = {D567F3D0-9DBA-4EBD-9712-9E9CEAB48EB1}
	EndGlobalSection
EndGlobal
